
Microsoft Visual Studio Solution File, Format Version 11.00
# Visual Studio 2010
Project("{FAE04EC0-301F-11D3-BF4B-00C04F79EFBC}") = "Cat Hacks 2017 Final", "Assembly-CSharp.csproj", "{71351D03-FB6A-B8FD-3557-94B9BA9F7E88}"
EndProject
Global
	GlobalSection(SolutionConfigurationPlatforms) = preSolution
		Debug|Any CPU = Debug|Any CPU
		Release|Any CPU = Release|Any CPU
	EndGlobalSection
	GlobalSection(ProjectConfigurationPlatforms) = postSolution
		{71351D03-FB6A-B8FD-3557-94B9BA9F7E88}.Debug|Any CPU.ActiveCfg = Debug|Any CPU
		{71351D03-FB6A-B8FD-3557-94B9BA9F7E88}.Debug|Any CPU.Build.0 = Debug|Any CPU
		{71351D03-FB6A-B8FD-3557-94B9BA9F7E88}.Release|Any CPU.ActiveCfg = Release|Any CPU
		{71351D03-FB6A-B8FD-3557-94B9BA9F7E88}.Release|Any CPU.Build.0 = Release|Any CPU
	EndGlobalSection
	GlobalSection(SolutionProperties) = preSolution
		HideSolutionNode = FALSE
	EndGlobalSection
	GlobalSection(MonoDevelopProperties) = preSolution
		StartupItem = Assembly-CSharp.csproj
	EndGlobalSection
EndGlobal
